// !$*UTF8*$!
{
	archiveVersion = 1;
	classes = {
	};
	objectVersion = 46;
	objects = {

/* Begin PBXBuildFile section */
		B12A727A18D57A22006E45C7 /* SwipeGestureSwitcher.m in Sources */ = {isa = PBXBuildFile; fileRef = B12A727918D57A22006E45C7 /* SwipeGestureSwitcher.m */; };
		B1E8394F18D564BB002600B5 /* Cocoa.framework in Frameworks */ = {isa = PBXBuildFile; fileRef = B1E8394E18D564BB002600B5 /* Cocoa.framework */; };
		B1E8395918D564BB002600B5 /* InfoPlist.strings in Resources */ = {isa = PBXBuildFile; fileRef = B1E8395718D564BB002600B5 /* InfoPlist.strings */; };
		B1E8396218D565EA002600B5 /* NSObject+Swizzle.m in Sources */ = {isa = PBXBuildFile; fileRef = B1E8396118D565EA002600B5 /* NSObject+Swizzle.m */; };
		B1E8396418D56637002600B5 /* IDEKit.framework in Frameworks */ = {isa = PBXBuildFile; fileRef = B1E8396318D56637002600B5 /* IDEKit.framework */; };
		B1E8396718D56662002600B5 /* IDEEditorContext+SwipeGestureSwitcher.m in Sources */ = {isa = PBXBuildFile; fileRef = B1E8396618D56662002600B5 /* IDEEditorContext+SwipeGestureSwitcher.m */; };
		B1E8396B18D569F0002600B5 /* IDEFoundation.framework in Frameworks */ = {isa = PBXBuildFile; fileRef = B1E8396A18D569F0002600B5 /* IDEFoundation.framework */; };
		B1E8396E18D569FF002600B5 /* DVTFoundation.framework in Frameworks */ = {isa = PBXBuildFile; fileRef = B1E8396C18D569FF002600B5 /* DVTFoundation.framework */; };
		B1E8396F18D569FF002600B5 /* DVTKit.framework in Frameworks */ = {isa = PBXBuildFile; fileRef = B1E8396D18D569FF002600B5 /* DVTKit.framework */; };
		B1E8397218D56BCB002600B5 /* IDEViewController.h in Resources */ = {isa = PBXBuildFile; fileRef = B1E8397118D56BCB002600B5 /* IDEViewController.h */; };
/* End PBXBuildFile section */

/* Begin PBXFileReference section */
		B12A727818D57A22006E45C7 /* SwipeGestureSwitcher.h */ = {isa = PBXFileReference; fileEncoding = 4; lastKnownFileType = sourcecode.c.h; path = SwipeGestureSwitcher.h; sourceTree = "<group>"; };
		B12A727918D57A22006E45C7 /* SwipeGestureSwitcher.m */ = {isa = PBXFileReference; fileEncoding = 4; lastKnownFileType = sourcecode.c.objc; path = SwipeGestureSwitcher.m; sourceTree = "<group>"; };
		B1E8394B18D564BB002600B5 /* SwipeGestureSwitcher.xcplugin */ = {isa = PBXFileReference; explicitFileType = wrapper.cfbundle; includeInIndex = 0; path = SwipeGestureSwitcher.xcplugin; sourceTree = BUILT_PRODUCTS_DIR; };
		B1E8394E18D564BB002600B5 /* Cocoa.framework */ = {isa = PBXFileReference; lastKnownFileType = wrapper.framework; name = Cocoa.framework; path = System/Library/Frameworks/Cocoa.framework; sourceTree = SDKROOT; };
		B1E8395118D564BB002600B5 /* Foundation.framework */ = {isa = PBXFileReference; lastKnownFileType = wrapper.framework; name = Foundation.framework; path = System/Library/Frameworks/Foundation.framework; sourceTree = SDKROOT; };
		B1E8395218D564BB002600B5 /* CoreData.framework */ = {isa = PBXFileReference; lastKnownFileType = wrapper.framework; name = CoreData.framework; path = System/Library/Frameworks/CoreData.framework; sourceTree = SDKROOT; };
		B1E8395318D564BB002600B5 /* AppKit.framework */ = {isa = PBXFileReference; lastKnownFileType = wrapper.framework; name = AppKit.framework; path = System/Library/Frameworks/AppKit.framework; sourceTree = SDKROOT; };
		B1E8395618D564BB002600B5 /* SwipeGestureSwitcher-Info.plist */ = {isa = PBXFileReference; lastKnownFileType = text.plist.xml; path = "SwipeGestureSwitcher-Info.plist"; sourceTree = "<group>"; };
		B1E8395818D564BB002600B5 /* en */ = {isa = PBXFileReference; lastKnownFileType = text.plist.strings; name = en; path = en.lproj/InfoPlist.strings; sourceTree = "<group>"; };
		B1E8395A18D564BB002600B5 /* SwipeGestureSwitcher-Prefix.pch */ = {isa = PBXFileReference; lastKnownFileType = sourcecode.c.h; path = "SwipeGestureSwitcher-Prefix.pch"; sourceTree = "<group>"; };
		B1E8396018D565EA002600B5 /* NSObject+Swizzle.h */ = {isa = PBXFileReference; fileEncoding = 4; lastKnownFileType = sourcecode.c.h; path = "NSObject+Swizzle.h"; sourceTree = "<group>"; };
		B1E8396118D565EA002600B5 /* NSObject+Swizzle.m */ = {isa = PBXFileReference; fileEncoding = 4; lastKnownFileType = sourcecode.c.objc; path = "NSObject+Swizzle.m"; sourceTree = "<group>"; };
		B1E8396318D56637002600B5 /* IDEKit.framework */ = {isa = PBXFileReference; lastKnownFileType = wrapper.framework; name = IDEKit.framework; path = ../../../../../../Applications/Xcode.app/Contents/Frameworks/IDEKit.framework; sourceTree = "<group>"; };
		B1E8396518D56662002600B5 /* IDEEditorContext+SwipeGestureSwitcher.h */ = {isa = PBXFileReference; fileEncoding = 4; lastKnownFileType = sourcecode.c.h; path = "IDEEditorContext+SwipeGestureSwitcher.h"; sourceTree = "<group>"; };
		B1E8396618D56662002600B5 /* IDEEditorContext+SwipeGestureSwitcher.m */ = {isa = PBXFileReference; fileEncoding = 4; lastKnownFileType = sourcecode.c.objc; path = "IDEEditorContext+SwipeGestureSwitcher.m"; sourceTree = "<group>"; };
		B1E8396918D566B4002600B5 /* IDEEditorContext.h */ = {isa = PBXFileReference; fileEncoding = 4; lastKnownFileType = sourcecode.c.h; path = IDEEditorContext.h; sourceTree = "<group>"; };
		B1E8396A18D569F0002600B5 /* IDEFoundation.framework */ = {isa = PBXFileReference; lastKnownFileType = wrapper.framework; name = IDEFoundation.framework; path = ../../../../../../Applications/Xcode.app/Contents/Frameworks/IDEFoundation.framework; sourceTree = "<group>"; };
		B1E8396C18D569FF002600B5 /* DVTFoundation.framework */ = {isa = PBXFileReference; lastKnownFileType = wrapper.framework; name = DVTFoundation.framework; path = ../../../../../../Applications/Xcode.app/Contents/SharedFrameworks/DVTFoundation.framework; sourceTree = "<group>"; };
		B1E8396D18D569FF002600B5 /* DVTKit.framework */ = {isa = PBXFileReference; lastKnownFileType = wrapper.framework; name = DVTKit.framework; path = ../../../../../../Applications/Xcode.app/Contents/SharedFrameworks/DVTKit.framework; sourceTree = "<group>"; };
		B1E8397018D56A67002600B5 /* DVTCancellable.h */ = {isa = PBXFileReference; fileEncoding = 4; lastKnownFileType = sourcecode.c.h; path = DVTCancellable.h; sourceTree = "<group>"; };
		B1E8397118D56BCB002600B5 /* IDEViewController.h */ = {isa = PBXFileReference; fileEncoding = 4; lastKnownFileType = sourcecode.c.h; path = IDEViewController.h; sourceTree = "<group>"; };
		B1E8397318D56DC8002600B5 /* DVTViewController.h */ = {isa = PBXFileReference; fileEncoding = 4; lastKnownFileType = sourcecode.c.h; path = DVTViewController.h; sourceTree = "<group>"; };
/* End PBXFileReference section */

/* Begin PBXFrameworksBuildPhase section */
		B1E8394818D564BB002600B5 /* Frameworks */ = {
			isa = PBXFrameworksBuildPhase;
			buildActionMask = 2147483647;
			files = (
				B1E8396E18D569FF002600B5 /* DVTFoundation.framework in Frameworks */,
				B1E8396B18D569F0002600B5 /* IDEFoundation.framework in Frameworks */,
				B1E8396F18D569FF002600B5 /* DVTKit.framework in Frameworks */,
				B1E8396418D56637002600B5 /* IDEKit.framework in Frameworks */,
				B1E8394F18D564BB002600B5 /* Cocoa.framework in Frameworks */,
			);
			runOnlyForDeploymentPostprocessing = 0;
		};
/* End PBXFrameworksBuildPhase section */

/* Begin PBXGroup section */
		B1E8394218D564BB002600B5 = {
			isa = PBXGroup;
			children = (
				B1E8395418D564BB002600B5 /* SwipeGestureSwitcher */,
				B1E8394D18D564BB002600B5 /* Frameworks */,
				B1E8394C18D564BB002600B5 /* Products */,
			);
			sourceTree = "<group>";
		};
		B1E8394C18D564BB002600B5 /* Products */ = {
			isa = PBXGroup;
			children = (
				B1E8394B18D564BB002600B5 /* SwipeGestureSwitcher.xcplugin */,
			);
			name = Products;
			sourceTree = "<group>";
		};
		B1E8394D18D564BB002600B5 /* Frameworks */ = {
			isa = PBXGroup;
			children = (
				B1E8396C18D569FF002600B5 /* DVTFoundation.framework */,
				B1E8396D18D569FF002600B5 /* DVTKit.framework */,
				B1E8396A18D569F0002600B5 /* IDEFoundation.framework */,
				B1E8396318D56637002600B5 /* IDEKit.framework */,
				B1E8394E18D564BB002600B5 /* Cocoa.framework */,
				B1E8395018D564BB002600B5 /* Other Frameworks */,
			);
			name = Frameworks;
			sourceTree = "<group>";
		};
		B1E8395018D564BB002600B5 /* Other Frameworks */ = {
			isa = PBXGroup;
			children = (
				B1E8395118D564BB002600B5 /* Foundation.framework */,
				B1E8395218D564BB002600B5 /* CoreData.framework */,
				B1E8395318D564BB002600B5 /* AppKit.framework */,
			);
			name = "Other Frameworks";
			sourceTree = "<group>";
		};
		B1E8395418D564BB002600B5 /* SwipeGestureSwitcher */ = {
			isa = PBXGroup;
			children = (
				B1E8396818D566A8002600B5 /* Xcode Header */,
				B1E8396018D565EA002600B5 /* NSObject+Swizzle.h */,
				B1E8396118D565EA002600B5 /* NSObject+Swizzle.m */,
				B1E8395518D564BB002600B5 /* Supporting Files */,
				B1E8396518D56662002600B5 /* IDEEditorContext+SwipeGestureSwitcher.h */,
				B1E8396618D56662002600B5 /* IDEEditorContext+SwipeGestureSwitcher.m */,
				B12A727818D57A22006E45C7 /* SwipeGestureSwitcher.h */,
				B12A727918D57A22006E45C7 /* SwipeGestureSwitcher.m */,
			);
			path = SwipeGestureSwitcher;
			sourceTree = "<group>";
		};
		B1E8395518D564BB002600B5 /* Supporting Files */ = {
			isa = PBXGroup;
			children = (
				B1E8395618D564BB002600B5 /* SwipeGestureSwitcher-Info.plist */,
				B1E8395718D564BB002600B5 /* InfoPlist.strings */,
				B1E8395A18D564BB002600B5 /* SwipeGestureSwitcher-Prefix.pch */,
			);
			name = "Supporting Files";
			sourceTree = "<group>";
		};
		B1E8396818D566A8002600B5 /* Xcode Header */ = {
			isa = PBXGroup;
			children = (
				B1E8397318D56DC8002600B5 /* DVTViewController.h */,
				B1E8397118D56BCB002600B5 /* IDEViewController.h */,
				B1E8397018D56A67002600B5 /* DVTCancellable.h */,
				B1E8396918D566B4002600B5 /* IDEEditorContext.h */,
			);
			name = "Xcode Header";
			sourceTree = "<group>";
		};
/* End PBXGroup section */

/* Begin PBXNativeTarget section */
		B1E8394A18D564BB002600B5 /* SwipeGestureSwitcher */ = {
			isa = PBXNativeTarget;
			buildConfigurationList = B1E8395D18D564BB002600B5 /* Build configuration list for PBXNativeTarget "SwipeGestureSwitcher" */;
			buildPhases = (
				B1E8394718D564BB002600B5 /* Sources */,
				B1E8394818D564BB002600B5 /* Frameworks */,
				B1E8394918D564BB002600B5 /* Resources */,
			);
			buildRules = (
			);
			dependencies = (
			);
			name = SwipeGestureSwitcher;
			productName = SwipeGestureSwitcher;
			productReference = B1E8394B18D564BB002600B5 /* SwipeGestureSwitcher.xcplugin */;
			productType = "com.apple.product-type.bundle";
		};
/* End PBXNativeTarget section */

/* Begin PBXProject section */
		B1E8394318D564BB002600B5 /* Project object */ = {
			isa = PBXProject;
			attributes = {
				LastUpgradeCheck = 0800;
				ORGANIZATIONNAME = "Yin Tan";
			};
			buildConfigurationList = B1E8394618D564BB002600B5 /* Build configuration list for PBXProject "SwipeGestureSwitcher" */;
			compatibilityVersion = "Xcode 3.2";
			developmentRegion = English;
			hasScannedForEncodings = 0;
			knownRegions = (
				en,
			);
			mainGroup = B1E8394218D564BB002600B5;
			productRefGroup = B1E8394C18D564BB002600B5 /* Products */;
			projectDirPath = "";
			projectRoot = "";
			targets = (
				B1E8394A18D564BB002600B5 /* SwipeGestureSwitcher */,
			);
		};
/* End PBXProject section */

/* Begin PBXResourcesBuildPhase section */
		B1E8394918D564BB002600B5 /* Resources */ = {
			isa = PBXResourcesBuildPhase;
			buildActionMask = 2147483647;
			files = (
				B1E8397218D56BCB002600B5 /* IDEViewController.h in Resources */,
				B1E8395918D564BB002600B5 /* InfoPlist.strings in Resources */,
			);
			runOnlyForDeploymentPostprocessing = 0;
		};
/* End PBXResourcesBuildPhase section */

/* Begin PBXSourcesBuildPhase section */
		B1E8394718D564BB002600B5 /* Sources */ = {
			isa = PBXSourcesBuildPhase;
			buildActionMask = 2147483647;
			files = (
				B1E8396218D565EA002600B5 /* NSObject+Swizzle.m in Sources */,
				B1E8396718D56662002600B5 /* IDEEditorContext+SwipeGestureSwitcher.m in Sources */,
				B12A727A18D57A22006E45C7 /* SwipeGestureSwitcher.m in Sources */,
			);
			runOnlyForDeploymentPostprocessing = 0;
		};
/* End PBXSourcesBuildPhase section */

/* Begin PBXVariantGroup section */
		B1E8395718D564BB002600B5 /* InfoPlist.strings */ = {
			isa = PBXVariantGroup;
			children = (
				B1E8395818D564BB002600B5 /* en */,
			);
			name = InfoPlist.strings;
			sourceTree = "<group>";
		};
/* End PBXVariantGroup section */

/* Begin XCBuildConfiguration section */
		B1E8395B18D564BB002600B5 /* Debug */ = {
			isa = XCBuildConfiguration;
			buildSettings = {
				ALWAYS_SEARCH_USER_PATHS = NO;
				CLANG_CXX_LANGUAGE_STANDARD = "gnu++0x";
				CLANG_CXX_LIBRARY = "libc++";
				CLANG_ENABLE_MODULES = YES;
				CLANG_ENABLE_OBJC_ARC = YES;
				CLANG_WARN_BOOL_CONVERSION = YES;
				CLANG_WARN_CONSTANT_CONVERSION = YES;
				CLANG_WARN_DIRECT_OBJC_ISA_USAGE = YES_ERROR;
				CLANG_WARN_EMPTY_BODY = YES;
				CLANG_WARN_ENUM_CONVERSION = YES;
				CLANG_WARN_INFINITE_RECURSION = YES;
				CLANG_WARN_INT_CONVERSION = YES;
				CLANG_WARN_OBJC_ROOT_CLASS = YES_ERROR;
				CLANG_WARN_SUSPICIOUS_MOVE = YES;
				CLANG_WARN_UNREACHABLE_CODE = YES;
				CLANG_WARN__DUPLICATE_METHOD_MATCH = YES;
				COPY_PHASE_STRIP = NO;
				ENABLE_STRICT_OBJC_MSGSEND = YES;
				ENABLE_TESTABILITY = YES;
				GCC_C_LANGUAGE_STANDARD = gnu99;
				GCC_DYNAMIC_NO_PIC = NO;
				GCC_ENABLE_OBJC_EXCEPTIONS = YES;
				GCC_NO_COMMON_BLOCKS = YES;
				GCC_OPTIMIZATION_LEVEL = 0;
				GCC_PREPROCESSOR_DEFINITIONS = (
					"DEBUG=1",
					"$(inherited)",
				);
				GCC_SYMBOLS_PRIVATE_EXTERN = NO;
				GCC_WARN_64_TO_32_BIT_CONVERSION = YES;
				GCC_WARN_ABOUT_RETURN_TYPE = YES_ERROR;
				GCC_WARN_UNDECLARED_SELECTOR = YES;
				GCC_WARN_UNINITIALIZED_AUTOS = YES_AGGRESSIVE;
				GCC_WARN_UNUSED_FUNCTION = YES;
				GCC_WARN_UNUSED_VARIABLE = YES;
				MACOSX_DEPLOYMENT_TARGET = 10.9;
				ONLY_ACTIVE_ARCH = YES;
				SDKROOT = macosx;
			};
			name = Debug;
		};
		B1E8395C18D564BB002600B5 /* Release */ = {
			isa = XCBuildConfiguration;
			buildSettings = {
				ALWAYS_SEARCH_USER_PATHS = NO;
				CLANG_CXX_LANGUAGE_STANDARD = "gnu++0x";
				CLANG_CXX_LIBRARY = "libc++";
				CLANG_ENABLE_MODULES = YES;
				CLANG_ENABLE_OBJC_ARC = YES;
				CLANG_WARN_BOOL_CONVERSION = YES;
				CLANG_WARN_CONSTANT_CONVERSION = YES;
				CLANG_WARN_DIRECT_OBJC_ISA_USAGE = YES_ERROR;
				CLANG_WARN_EMPTY_BODY = YES;
				CLANG_WARN_ENUM_CONVERSION = YES;
				CLANG_WARN_INFINITE_RECURSION = YES;
				CLANG_WARN_INT_CONVERSION = YES;
				CLANG_WARN_OBJC_ROOT_CLASS = YES_ERROR;
				CLANG_WARN_SUSPICIOUS_MOVE = YES;
				CLANG_WARN_UNREACHABLE_CODE = YES;
				CLANG_WARN__DUPLICATE_METHOD_MATCH = YES;
				COPY_PHASE_STRIP = YES;
				DEBUG_INFORMATION_FORMAT = "dwarf-with-dsym";
				ENABLE_NS_ASSERTIONS = NO;
				ENABLE_STRICT_OBJC_MSGSEND = YES;
				GCC_C_LANGUAGE_STANDARD = gnu99;
				GCC_ENABLE_OBJC_EXCEPTIONS = YES;
				GCC_NO_COMMON_BLOCKS = YES;
				GCC_WARN_64_TO_32_BIT_CONVERSION = YES;
				GCC_WARN_ABOUT_RETURN_TYPE = YES_ERROR;
				GCC_WARN_UNDECLARED_SELECTOR = YES;
				GCC_WARN_UNINITIALIZED_AUTOS = YES_AGGRESSIVE;
				GCC_WARN_UNUSED_FUNCTION = YES;
				GCC_WARN_UNUSED_VARIABLE = YES;
				MACOSX_DEPLOYMENT_TARGET = 10.9;
				SDKROOT = macosx;
			};
			name = Release;
		};
		B1E8395E18D564BB002600B5 /* Debug */ = {
			isa = XCBuildConfiguration;
			buildSettings = {
				COMBINE_HIDPI_IMAGES = YES;
				DEPLOYMENT_LOCATION = YES;
				DSTROOT = "$(HOME)";
				FRAMEWORK_SEARCH_PATHS = (
					"$(inherited)",
					"$(SYSTEM_APPS_DIR)/Xcode.app/Contents/Frameworks",
					"$(SYSTEM_APPS_DIR)/Xcode.app/Contents/SharedFrameworks",
				);
				GCC_PRECOMPILE_PREFIX_HEADER = YES;
				GCC_PREFIX_HEADER = "SwipeGestureSwitcher/SwipeGestureSwitcher-Prefix.pch";
				INFOPLIST_FILE = "SwipeGestureSwitcher/SwipeGestureSwitcher-Info.plist";
				INSTALL_PATH = "/Library/Application Support/Developer/Shared/Xcode/Plug-ins";
				PRODUCT_BUNDLE_IDENTIFIER = "com.tyeen.xcplugin.${PRODUCT_NAME:rfc1034identifier}";
				PRODUCT_NAME = "$(TARGET_NAME)";
				WRAPPER_EXTENSION = xcplugin;
			};
			name = Debug;
		};
		B1E8395F18D564BB002600B5 /* Release */ = {
			isa = XCBuildConfiguration;
			buildSettings = {
				COMBINE_HIDPI_IMAGES = YES;
				DEPLOYMENT_LOCATION = YES;
				DSTROOT = "$(HOME)";
				FRAMEWORK_SEARCH_PATHS = (
					"$(inherited)",
					"$(SYSTEM_APPS_DIR)/Xcode.app/Contents/Frameworks",
					"$(SYSTEM_APPS_DIR)/Xcode.app/Contents/SharedFrameworks",
				);
				GCC_PRECOMPILE_PREFIX_HEADER = YES;
				GCC_PREFIX_HEADER = "SwipeGestureSwitcher/SwipeGestureSwitcher-Prefix.pch";
				INFOPLIST_FILE = "SwipeGestureSwitcher/SwipeGestureSwitcher-Info.plist";
				INSTALL_PATH = "/Library/Application Support/Developer/Shared/Xcode/Plug-ins";
				PRODUCT_BUNDLE_IDENTIFIER = "com.tyeen.xcplugin.${PRODUCT_NAME:rfc1034identifier}";
				PRODUCT_NAME = "$(TARGET_NAME)";
				WRAPPER_EXTENSION = xcplugin;
			};
			name = Release;
		};
/* End XCBuildConfiguration section */

/* Begin XCConfigurationList section */
		B1E8394618D564BB002600B5 /* Build configuration list for PBXProject "SwipeGestureSwitcher" */ = {
			isa = XCConfigurationList;
			buildConfigurations = (
				B1E8395B18D564BB002600B5 /* Debug */,
				B1E8395C18D564BB002600B5 /* Release */,
			);
			defaultConfigurationIsVisible = 0;
			defaultConfigurationName = Release;
		};
		B1E8395D18D564BB002600B5 /* Build configuration list for PBXNativeTarget "SwipeGestureSwitcher" */ = {
			isa = XCConfigurationList;
			buildConfigurations = (
				B1E8395E18D564BB002600B5 /* Debug */,
				B1E8395F18D564BB002600B5 /* Release */,
			);
			defaultConfigurationIsVisible = 0;
			defaultConfigurationName = Release;
		};
/* End XCConfigurationList section */
	};
	rootObject = B1E8394318D564BB002600B5 /* Project object */;
}
